
Microsoft Visual Studio Solution File, Format Version 12.00
# Visual Studio 15
VisualStudioVersion = 15.0.28307.572
MinimumVisualStudioVersion = 10.0.40219.1
Project("{FAE04EC0-301F-11D3-BF4B-00C04F79EFBC}") = "GeneticAlgorithm", "GeneticAlgorithm\GeneticAlgorithm.csproj", "{B4FD665E-8741-4E81-BBDD-8566FEFF33C6}"
EndProject
Project("{FAE04EC0-301F-11D3-BF4B-00C04F79EFBC}") = "CommonClasses", "CommonClasses\CommonClasses.csproj", "{3321189F-2843-4F38-A86B-4369D93C4574}"
EndProject
Project("{FAE04EC0-301F-11D3-BF4B-00C04F79EFBC}") = "Runner", "Runner\Runner.csproj", "{1F27BFF9-1C78-47BE-80F1-09632C43FDFD}"
EndProject
Project("{FAE04EC0-301F-11D3-BF4B-00C04F79EFBC}") = "ExpensiveAlgorithm", "ExpensiveAlgorithm\ExpensiveAlgorithm.csproj", "{44BB3AF4-29A3-4FDF-9B07-C8971AD9ED83}"
EndProject
Project("{FAE04EC0-301F-11D3-BF4B-00C04F79EFBC}") = "FrequencySearch", "FrequencySearch\FrequencySearch.csproj", "{4AA42351-6633-43F1-846D-9566FB278D01}"
EndProject
Global
	GlobalSection(SolutionConfigurationPlatforms) = preSolution
		Debug|Any CPU = Debug|Any CPU
		Release|Any CPU = Release|Any CPU
	EndGlobalSection
	GlobalSection(ProjectConfigurationPlatforms) = postSolution
		{B4FD665E-8741-4E81-BBDD-8566FEFF33C6}.Debug|Any CPU.ActiveCfg = Debug|Any CPU
		{B4FD665E-8741-4E81-BBDD-8566FEFF33C6}.Debug|Any CPU.Build.0 = Debug|Any CPU
		{B4FD665E-8741-4E81-BBDD-8566FEFF33C6}.Release|Any CPU.ActiveCfg = Release|Any CPU
		{B4FD665E-8741-4E81-BBDD-8566FEFF33C6}.Release|Any CPU.Build.0 = Release|Any CPU
		{3321189F-2843-4F38-A86B-4369D93C4574}.Debug|Any CPU.ActiveCfg = Debug|Any CPU
		{3321189F-2843-4F38-A86B-4369D93C4574}.Debug|Any CPU.Build.0 = Debug|Any CPU
		{3321189F-2843-4F38-A86B-4369D93C4574}.Release|Any CPU.ActiveCfg = Release|Any CPU
		{3321189F-2843-4F38-A86B-4369D93C4574}.Release|Any CPU.Build.0 = Release|Any CPU
		{1F27BFF9-1C78-47BE-80F1-09632C43FDFD}.Debug|Any CPU.ActiveCfg = Debug|Any CPU
		{1F27BFF9-1C78-47BE-80F1-09632C43FDFD}.Debug|Any CPU.Build.0 = Debug|Any CPU
		{1F27BFF9-1C78-47BE-80F1-09632C43FDFD}.Release|Any CPU.ActiveCfg = Release|Any CPU
		{1F27BFF9-1C78-47BE-80F1-09632C43FDFD}.Release|Any CPU.Build.0 = Release|Any CPU
		{44BB3AF4-29A3-4FDF-9B07-C8971AD9ED83}.Debug|Any CPU.ActiveCfg = Debug|Any CPU
		{44BB3AF4-29A3-4FDF-9B07-C8971AD9ED83}.Debug|Any CPU.Build.0 = Debug|Any CPU
		{44BB3AF4-29A3-4FDF-9B07-C8971AD9ED83}.Release|Any CPU.ActiveCfg = Release|Any CPU
		{44BB3AF4-29A3-4FDF-9B07-C8971AD9ED83}.Release|Any CPU.Build.0 = Release|Any CPU
		{4AA42351-6633-43F1-846D-9566FB278D01}.Debug|Any CPU.ActiveCfg = Debug|Any CPU
		{4AA42351-6633-43F1-846D-9566FB278D01}.Debug|Any CPU.Build.0 = Debug|Any CPU
		{4AA42351-6633-43F1-846D-9566FB278D01}.Release|Any CPU.ActiveCfg = Release|Any CPU
		{4AA42351-6633-43F1-846D-9566FB278D01}.Release|Any CPU.Build.0 = Release|Any CPU
	EndGlobalSection
	GlobalSection(SolutionProperties) = preSolution
		HideSolutionNode = FALSE
	EndGlobalSection
	GlobalSection(ExtensibilityGlobals) = postSolution
		SolutionGuid = {780FE93F-F2C7-480E-A0B9-1F98E765033E}
	EndGlobalSection
EndGlobal
